{
  "nodes": {
    "bipbuffer-master": {
      "inputs": {
        "flakeNimbleLib": [
          "flakeNimbleLib"
        ],
        "nixpkgs": [
          "nixpkgs"
        ],
        "src-bipbuffer-master": "src-bipbuffer-master"
      },
      "locked": {
        "dir": "master",
        "lastModified": 1662254371,
        "narHash": "sha256-r0dd6V64LDhVJthCf2D6LnX4IVOGBmW8g3fYrd8wJzE=",
        "owner": "nim-nix-pkgs",
        "repo": "bipbuffer",
        "rev": "01263fc17a05c92c6e49138480bf9b9d9c1a8f1c",
        "type": "github"
      },
      "original": {
        "dir": "master",
        "owner": "nim-nix-pkgs",
        "ref": "master",
        "repo": "bipbuffer",
        "type": "github"
      }
    },
    "flakeNimbleLib": {
      "inputs": {
        "nixpkgs": [
          "nixpkgs"
        ]
      },
      "locked": {
        "lastModified": 1662018438,
        "narHash": "sha256-QtNtU6+LX3Wokxf0zlFwKTFOcn6TeDjKQZ+DA9OYtvM=",
        "owner": "riinr",
        "repo": "nim-flakes-lib",
        "rev": "b1fe8340736e3a85d25c709ac3dfd82a55c03cbf",
        "type": "github"
      },
      "original": {
        "owner": "riinr",
        "ref": "master",
        "repo": "nim-flakes-lib",
        "type": "github"
      }
    },
    "nixpkgs": {
      "locked": {
        "lastModified": 1667110639,
        "narHash": "sha256-4FbPESZ5LbqQxkJJJBAfk/zKgF9h/4kyUwjjpJwYlbc=",
        "owner": "NixOS",
        "repo": "nixpkgs",
        "rev": "f38a1f04d1bec1feb61fd101a0539ae2002a7087",
        "type": "github"
      },
      "original": {
        "id": "nixpkgs",
        "type": "indirect"
      }
    },
    "root": {
      "inputs": {
        "bipbuffer-master": "bipbuffer-master",
        "flakeNimbleLib": "flakeNimbleLib",
        "nixpkgs": "nixpkgs"
      }
    },
    "src-bipbuffer-master": {
      "flake": false,
      "locked": {
        "lastModified": 1559659998,
        "narHash": "sha256-N7yjKWh6eArGczDecX6bW5MDdz71ZWC1IJKqCG1qtwU=",
        "owner": "MarcAzar",
        "repo": "BipBuffer",
        "rev": "6a6b917740eae5b7aefa694ed3734ae4aa5a7941",
        "type": "github"
      },
      "original": {
        "owner": "MarcAzar",
        "ref": "refs/heads/master",
        "repo": "BipBuffer",
        "type": "github"
      }
    }
  },
  "root": "root",
  "version": 7
}
